
Microsoft Visual Studio Solution File, Format Version 12.00
# Visual Studio Version 16
VisualStudioVersion = 16.0.31624.102
MinimumVisualStudioVersion = 10.0.40219.1
Project("{FAE04EC0-301F-11D3-BF4B-00C04F79EFBC}") = "CosmosWebApp", "CosmosWebApp.csproj", "{FF8E7115-B09A-44C3-9834-E48C24C77D9C}"
EndProject
Global
	GlobalSection(SolutionConfigurationPlatforms) = preSolution
		Debug|Any CPU = Debug|Any CPU
		Release|Any CPU = Release|Any CPU
	EndGlobalSection
	GlobalSection(ProjectConfigurationPlatforms) = postSolution
		{FF8E7115-B09A-44C3-9834-E48C24C77D9C}.Debug|Any CPU.ActiveCfg = Debug|Any CPU
		{FF8E7115-B09A-44C3-9834-E48C24C77D9C}.Debug|Any CPU.Build.0 = Debug|Any CPU
		{FF8E7115-B09A-44C3-9834-E48C24C77D9C}.Release|Any CPU.ActiveCfg = Release|Any CPU
		{FF8E7115-B09A-44C3-9834-E48C24C77D9C}.Release|Any CPU.Build.0 = Release|Any CPU
	EndGlobalSection
	GlobalSection(SolutionProperties) = preSolution
		HideSolutionNode = FALSE
	EndGlobalSection
	GlobalSection(ExtensibilityGlobals) = postSolution
		SolutionGuid = {A8173268-B8F5-4377-B832-BA0F446451F8}
	EndGlobalSection
EndGlobal
